
Microsoft Visual Studio Solution File, Format Version 12.00
# Visual Studio Version 16
VisualStudioVersion = 16.0.31005.135
MinimumVisualStudioVersion = 10.0.40219.1
Project("{FAE04EC0-301F-11D3-BF4B-00C04F79EFBC}") = "BookStore-API", "BookStore-API\BookStore-API.csproj", "{B1DC5CDF-8FA8-484B-98D2-35A6E5C5E4D2}"
EndProject
Global
	GlobalSection(SolutionConfigurationPlatforms) = preSolution
		Debug|Any CPU = Debug|Any CPU
		Release|Any CPU = Release|Any CPU
	EndGlobalSection
	GlobalSection(ProjectConfigurationPlatforms) = postSolution
		{B1DC5CDF-8FA8-484B-98D2-35A6E5C5E4D2}.Debug|Any CPU.ActiveCfg = Debug|Any CPU
		{B1DC5CDF-8FA8-484B-98D2-35A6E5C5E4D2}.Debug|Any CPU.Build.0 = Debug|Any CPU
		{B1DC5CDF-8FA8-484B-98D2-35A6E5C5E4D2}.Release|Any CPU.ActiveCfg = Release|Any CPU
		{B1DC5CDF-8FA8-484B-98D2-35A6E5C5E4D2}.Release|Any CPU.Build.0 = Release|Any CPU
	EndGlobalSection
	GlobalSection(SolutionProperties) = preSolution
		HideSolutionNode = FALSE
	EndGlobalSection
	GlobalSection(ExtensibilityGlobals) = postSolution
		SolutionGuid = {3EEEBE5D-629C-44F8-9E08-FC40D9EEA95A}
	EndGlobalSection
EndGlobal
